
Microsoft Visual Studio Solution File, Format Version 12.00
# Visual Studio Version 17
VisualStudioVersion = 17.9.34407.89
MinimumVisualStudioVersion = 10.0.40219.1
Project("{9A19103F-16F7-4668-BE54-9A1E7A4F7556}") = "BlazorApp4", "BlazorApp4\BlazorApp4\BlazorApp4.csproj", "{4CEB957C-4416-43E6-A8F6-A0C47D12B985}"
EndProject
Project("{9A19103F-16F7-4668-BE54-9A1E7A4F7556}") = "BlazorApp4.Client", "BlazorApp4\BlazorApp4.Client\BlazorApp4.Client.csproj", "{62041C73-F35B-4E61-B273-3AAAA8AA72D1}"
EndProject
Project("{FAE04EC0-301F-11D3-BF4B-00C04F79EFBC}") = "FormLib", "FormLib\FormLib.csproj", "{3C150FF1-31D6-4DD0-8D6E-383E09E98D36}"
EndProject
Project("{9A19103F-16F7-4668-BE54-9A1E7A4F7556}") = "DocumentOpen", "DocumentOpen\DocumentOpen.csproj", "{689C6A98-B850-440C-ABFA-47C0BB50A6EA}"
EndProject
Project("{9A19103F-16F7-4668-BE54-9A1E7A4F7556}") = "WinForms1", "WinForms1\WinForms1.csproj", "{78203BD6-CD90-4F14-96FD-BC0047BD7245}"
EndProject
Global
	GlobalSection(SolutionConfigurationPlatforms) = preSolution
		Debug|Any CPU = Debug|Any CPU
		Release|Any CPU = Release|Any CPU
	EndGlobalSection
	GlobalSection(ProjectConfigurationPlatforms) = postSolution
		{4CEB957C-4416-43E6-A8F6-A0C47D12B985}.Debug|Any CPU.ActiveCfg = Debug|Any CPU
		{4CEB957C-4416-43E6-A8F6-A0C47D12B985}.Debug|Any CPU.Build.0 = Debug|Any CPU
		{4CEB957C-4416-43E6-A8F6-A0C47D12B985}.Release|Any CPU.ActiveCfg = Release|Any CPU
		{4CEB957C-4416-43E6-A8F6-A0C47D12B985}.Release|Any CPU.Build.0 = Release|Any CPU
		{62041C73-F35B-4E61-B273-3AAAA8AA72D1}.Debug|Any CPU.ActiveCfg = Debug|Any CPU
		{62041C73-F35B-4E61-B273-3AAAA8AA72D1}.Debug|Any CPU.Build.0 = Debug|Any CPU
		{62041C73-F35B-4E61-B273-3AAAA8AA72D1}.Release|Any CPU.ActiveCfg = Release|Any CPU
		{62041C73-F35B-4E61-B273-3AAAA8AA72D1}.Release|Any CPU.Build.0 = Release|Any CPU
		{3C150FF1-31D6-4DD0-8D6E-383E09E98D36}.Debug|Any CPU.ActiveCfg = Debug|Any CPU
		{3C150FF1-31D6-4DD0-8D6E-383E09E98D36}.Debug|Any CPU.Build.0 = Debug|Any CPU
		{3C150FF1-31D6-4DD0-8D6E-383E09E98D36}.Release|Any CPU.ActiveCfg = Release|Any CPU
		{3C150FF1-31D6-4DD0-8D6E-383E09E98D36}.Release|Any CPU.Build.0 = Release|Any CPU
		{689C6A98-B850-440C-ABFA-47C0BB50A6EA}.Debug|Any CPU.ActiveCfg = Debug|Any CPU
		{689C6A98-B850-440C-ABFA-47C0BB50A6EA}.Debug|Any CPU.Build.0 = Debug|Any CPU
		{689C6A98-B850-440C-ABFA-47C0BB50A6EA}.Release|Any CPU.ActiveCfg = Release|Any CPU
		{689C6A98-B850-440C-ABFA-47C0BB50A6EA}.Release|Any CPU.Build.0 = Release|Any CPU
		{78203BD6-CD90-4F14-96FD-BC0047BD7245}.Debug|Any CPU.ActiveCfg = Debug|Any CPU
		{78203BD6-CD90-4F14-96FD-BC0047BD7245}.Debug|Any CPU.Build.0 = Debug|Any CPU
		{78203BD6-CD90-4F14-96FD-BC0047BD7245}.Release|Any CPU.ActiveCfg = Release|Any CPU
		{78203BD6-CD90-4F14-96FD-BC0047BD7245}.Release|Any CPU.Build.0 = Release|Any CPU
	EndGlobalSection
	GlobalSection(SolutionProperties) = preSolution
		HideSolutionNode = FALSE
	EndGlobalSection
	GlobalSection(ExtensibilityGlobals) = postSolution
		SolutionGuid = {70334745-E004-43C9-B1B6-9B1634D87D55}
	EndGlobalSection
EndGlobal
