
Microsoft Visual Studio Solution File, Format Version 12.00
# Visual Studio Version 17
VisualStudioVersion = 17.9.34407.89
MinimumVisualStudioVersion = 10.0.40219.1
Project("{FAE04EC0-301F-11D3-BF4B-00C04F79EFBC}") = "WinForms1", "WinForms1.csproj", "{5B11A23F-235E-4798-8F09-4B56FE3C4644}"
EndProject
Global
	GlobalSection(SolutionConfigurationPlatforms) = preSolution
		Debug|Any CPU = Debug|Any CPU
		Release|Any CPU = Release|Any CPU
	EndGlobalSection
	GlobalSection(ProjectConfigurationPlatforms) = postSolution
		{5B11A23F-235E-4798-8F09-4B56FE3C4644}.Debug|Any CPU.ActiveCfg = Debug|Any CPU
		{5B11A23F-235E-4798-8F09-4B56FE3C4644}.Debug|Any CPU.Build.0 = Debug|Any CPU
		{5B11A23F-235E-4798-8F09-4B56FE3C4644}.Release|Any CPU.ActiveCfg = Release|Any CPU
		{5B11A23F-235E-4798-8F09-4B56FE3C4644}.Release|Any CPU.Build.0 = Release|Any CPU
	EndGlobalSection
	GlobalSection(SolutionProperties) = preSolution
		HideSolutionNode = FALSE
	EndGlobalSection
	GlobalSection(ExtensibilityGlobals) = postSolution
		SolutionGuid = {AF63407C-E306-4344-B9F2-5BACD4344006}
	EndGlobalSection
EndGlobal
